
Microsoft Visual Studio Solution File, Format Version 12.00
# Visual Studio Version 17
VisualStudioVersion = 17.2.32602.215
MinimumVisualStudioVersion = 10.0.40219.1
Project("{9A19103F-16F7-4668-BE54-9A1E7A4F7556}") = "EmptyList", "EmptyList.csproj", "{29FE5BEA-D78E-4D32-88BA-A94C014712E8}"
EndProject
Global
	GlobalSection(SolutionConfigurationPlatforms) = preSolution
		Debug|Any CPU = Debug|Any CPU
		Release|Any CPU = Release|Any CPU
	EndGlobalSection
	GlobalSection(ProjectConfigurationPlatforms) = postSolution
		{29FE5BEA-D78E-4D32-88BA-A94C014712E8}.Debug|Any CPU.ActiveCfg = Debug|Any CPU
		{29FE5BEA-D78E-4D32-88BA-A94C014712E8}.Debug|Any CPU.Build.0 = Debug|Any CPU
		{29FE5BEA-D78E-4D32-88BA-A94C014712E8}.Release|Any CPU.ActiveCfg = Release|Any CPU
		{29FE5BEA-D78E-4D32-88BA-A94C014712E8}.Release|Any CPU.Build.0 = Release|Any CPU
	EndGlobalSection
	GlobalSection(SolutionProperties) = preSolution
		HideSolutionNode = FALSE
	EndGlobalSection
	GlobalSection(ExtensibilityGlobals) = postSolution
		SolutionGuid = {94707857-0B6A-44EA-8012-5E55885EA978}
	EndGlobalSection
EndGlobal
